
Microsoft Visual Studio Solution File, Format Version 12.00
# Visual Studio Version 16
VisualStudioVersion = 16.0.31105.61
MinimumVisualStudioVersion = 10.0.40219.1
Project("{9A19103F-16F7-4668-BE54-9A1E7A4F7556}") = "TabApp", "TabApp.csproj", "{F95A8BC9-5B55-4D68-AFE0-F1D919E7710D}"
EndProject
Project("{9A19103F-16F7-4668-BE54-9A1E7A4F7556}") = "VenueMatcherLibrary", "..\VenueMatcherLibrary\VenueMatcherLibrary.csproj", "{1DE1338F-37A7-4419-9377-5605B20770FC}"
EndProject
Project("{9A19103F-16F7-4668-BE54-9A1E7A4F7556}") = "VenueMatcherLibraryTests", "..\VenueMatcherLibraryTests\VenueMatcherLibraryTests.csproj", "{4F044A1A-4487-498B-B8F6-DA24DF467899}"
EndProject
Project("{2150E333-8FDC-42A3-9474-1A3956D46DE8}") = "Solution Items", "Solution Items", "{C1C27C61-E4B4-4F05-8106-BE197CE6F958}"
EndProject
Global
	GlobalSection(SolutionConfigurationPlatforms) = preSolution
		Debug|Any CPU = Debug|Any CPU
		Release|Any CPU = Release|Any CPU
	EndGlobalSection
	GlobalSection(ProjectConfigurationPlatforms) = postSolution
		{F95A8BC9-5B55-4D68-AFE0-F1D919E7710D}.Debug|Any CPU.ActiveCfg = Debug|Any CPU
		{F95A8BC9-5B55-4D68-AFE0-F1D919E7710D}.Debug|Any CPU.Build.0 = Debug|Any CPU
		{F95A8BC9-5B55-4D68-AFE0-F1D919E7710D}.Release|Any CPU.ActiveCfg = Release|Any CPU
		{F95A8BC9-5B55-4D68-AFE0-F1D919E7710D}.Release|Any CPU.Build.0 = Release|Any CPU
		{1DE1338F-37A7-4419-9377-5605B20770FC}.Debug|Any CPU.ActiveCfg = Debug|Any CPU
		{1DE1338F-37A7-4419-9377-5605B20770FC}.Debug|Any CPU.Build.0 = Debug|Any CPU
		{1DE1338F-37A7-4419-9377-5605B20770FC}.Release|Any CPU.ActiveCfg = Release|Any CPU
		{1DE1338F-37A7-4419-9377-5605B20770FC}.Release|Any CPU.Build.0 = Release|Any CPU
		{4F044A1A-4487-498B-B8F6-DA24DF467899}.Debug|Any CPU.ActiveCfg = Debug|Any CPU
		{4F044A1A-4487-498B-B8F6-DA24DF467899}.Debug|Any CPU.Build.0 = Debug|Any CPU
		{4F044A1A-4487-498B-B8F6-DA24DF467899}.Release|Any CPU.ActiveCfg = Release|Any CPU
		{4F044A1A-4487-498B-B8F6-DA24DF467899}.Release|Any CPU.Build.0 = Release|Any CPU
	EndGlobalSection
	GlobalSection(SolutionProperties) = preSolution
		HideSolutionNode = FALSE
	EndGlobalSection
	GlobalSection(ExtensibilityGlobals) = postSolution
		SolutionGuid = {41FAC66B-CE38-4E34-86D3-28AB36E61584}
	EndGlobalSection
EndGlobal
